
Microsoft Visual Studio Solution File, Format Version 12.00
# Visual Studio Version 17
VisualStudioVersion = 17.11.35208.52
MinimumVisualStudioVersion = 10.0.40219.1
Project("{9A19103F-16F7-4668-BE54-9A1E7A4F7556}") = "hello-phi-3-vision", "hello-phi-3-vision\hello-phi-3-vision.csproj", "{3A50656A-6C5D-4DBD-9F09-A8517124090E}"
EndProject
Project("{FAE04EC0-301F-11D3-BF4B-00C04F79EFBC}") = "hello-phi-3-vision.consoleapp", "hello-phi-3-vision.consoleapp\hello-phi-3-vision.consoleapp.csproj", "{2D501655-6872-4441-B26F-4CC03CC0A2D8}"
EndProject
Global
	GlobalSection(SolutionConfigurationPlatforms) = preSolution
		Debug|Any CPU = Debug|Any CPU
		Release|Any CPU = Release|Any CPU
	EndGlobalSection
	GlobalSection(ProjectConfigurationPlatforms) = postSolution
		{3A50656A-6C5D-4DBD-9F09-A8517124090E}.Debug|Any CPU.ActiveCfg = Debug|Any CPU
		{3A50656A-6C5D-4DBD-9F09-A8517124090E}.Debug|Any CPU.Build.0 = Debug|Any CPU
		{3A50656A-6C5D-4DBD-9F09-A8517124090E}.Release|Any CPU.ActiveCfg = Release|Any CPU
		{3A50656A-6C5D-4DBD-9F09-A8517124090E}.Release|Any CPU.Build.0 = Release|Any CPU
		{2D501655-6872-4441-B26F-4CC03CC0A2D8}.Debug|Any CPU.ActiveCfg = Debug|Any CPU
		{2D501655-6872-4441-B26F-4CC03CC0A2D8}.Debug|Any CPU.Build.0 = Debug|Any CPU
		{2D501655-6872-4441-B26F-4CC03CC0A2D8}.Release|Any CPU.ActiveCfg = Release|Any CPU
		{2D501655-6872-4441-B26F-4CC03CC0A2D8}.Release|Any CPU.Build.0 = Release|Any CPU
	EndGlobalSection
	GlobalSection(SolutionProperties) = preSolution
		HideSolutionNode = FALSE
	EndGlobalSection
	GlobalSection(ExtensibilityGlobals) = postSolution
		SolutionGuid = {43521030-BAD7-4860-AE31-AE9129C7E12C}
	EndGlobalSection
EndGlobal
